
Microsoft Visual Studio Solution File, Format Version 12.00
# Visual Studio 2013
VisualStudioVersion = 12.0.30110.0
MinimumVisualStudioVersion = 10.0.40219.1
Project("{FAE04EC0-301F-11D3-BF4B-00C04F79EFBC}") = "Endjin.Core.Container", "Endjin.Core.Container\Endjin.Core.Container.csproj", "{2742DBEE-7E63-4A8E-9D0B-32F3299D6999}"
EndProject
Project("{FAE04EC0-301F-11D3-BF4B-00C04F79EFBC}") = "Endjin.Core.Composition", "Endjin.Core.Composition\Endjin.Core.Composition.csproj", "{A7D96096-E0F7-4A9E-84D5-6842E7CF5804}"
EndProject
Project("{FAE04EC0-301F-11D3-BF4B-00C04F79EFBC}") = "Endjin.Core.Container.WinRT", "Endjin.Core.Container.WinRT\Endjin.Core.Container.WinRT.csproj", "{B22C07AB-0CF9-4894-8257-DBDA8F3AEA59}"
EndProject
Project("{2150E333-8FDC-42A3-9474-1A3956D46DE8}") = "Portable NET4.5 and WinRT", "Portable NET4.5 and WinRT", "{98B9075D-BD9B-4E21-9091-41FA9DB9A111}"
EndProject
Project("{2150E333-8FDC-42A3-9474-1A3956D46DE8}") = "WinRT", "WinRT", "{4A750577-89C5-437D-A89A-AB35DB09E8D4}"
EndProject
Project("{2150E333-8FDC-42A3-9474-1A3956D46DE8}") = "NET4.0", "NET4.0", "{7E206D69-7997-4085-97EE-33EFA79981B8}"
EndProject
Project("{2150E333-8FDC-42A3-9474-1A3956D46DE8}") = "NET4.5", "NET4.5", "{A8BA8747-4E26-4689-A96A-2323A3E1373A}"
EndProject
Project("{FAE04EC0-301F-11D3-BF4B-00C04F79EFBC}") = "Endjin.Core.Container.Net45", "Endjin.Core.Container.Net45\Endjin.Core.Container.Net45.csproj", "{89E62CAF-E3EA-41F2-BA54-426AD05F2269}"
EndProject
Project("{FAE04EC0-301F-11D3-BF4B-00C04F79EFBC}") = "Endjin.Core.Container.Net40", "Endjin.Core.Container.Net40\Endjin.Core.Container.Net40.csproj", "{9C8A9C5E-C691-4FD8-8580-8BCB1675A2E8}"
EndProject
Project("{FAE04EC0-301F-11D3-BF4B-00C04F79EFBC}") = "Endjin.Core.Composition.Net40", "Endjin.Core.Composition.Net40\Endjin.Core.Composition.Net40.csproj", "{62954E9B-A7DE-47B3-9B62-AACD2686CE73}"
EndProject
Project("{2150E333-8FDC-42A3-9474-1A3956D46DE8}") = "@Specs", "@Specs", "{78EF6F28-F3EC-4808-B160-66135F0982DA}"
EndProject
Project("{2150E333-8FDC-42A3-9474-1A3956D46DE8}") = "@NuGet Packages", "@NuGet Packages", "{3922F721-38C8-49D3-A2C5-CD4F4DD036E2}"
	ProjectSection(SolutionItems) = preProject
		Endjin.Core.Composition.nuspec = Endjin.Core.Composition.nuspec
		Endjin.Core.Composition.Web.nuspec = Endjin.Core.Composition.Web.nuspec
		Endjin.Core.Composition.WebApi.nuspec = Endjin.Core.Composition.WebApi.nuspec
	EndProjectSection
EndProject
Project("{2150E333-8FDC-42A3-9474-1A3956D46DE8}") = ".nuget", ".nuget", "{F66AC84B-0ADE-4818-8975-3ED5C0B1E0D7}"
	ProjectSection(SolutionItems) = preProject
		.nuget\packages.config = .nuget\packages.config
	EndProjectSection
EndProject
Project("{2150E333-8FDC-42A3-9474-1A3956D46DE8}") = "WP8", "WP8", "{D278B59B-CDD5-4C96-9D3E-4B5C9A4BE33E}"
EndProject
Project("{FAE04EC0-301F-11D3-BF4B-00C04F79EFBC}") = "Endjin.Core.Container.WP8", "Endjin.Core.Container.WP8\Endjin.Core.Container.WP8.csproj", "{DB3C3E66-CA3C-4265-8C98-47133E4E44B7}"
EndProject
Project("{FAE04EC0-301F-11D3-BF4B-00C04F79EFBC}") = "Endjin.Core.Composition.Web.Net40", "Endjin.Core.Composition.Web.Net40\Endjin.Core.Composition.Web.Net40.csproj", "{0A405FFE-22E3-4E54-AE4F-E17666F0EE14}"
EndProject
Project("{FAE04EC0-301F-11D3-BF4B-00C04F79EFBC}") = "Endjin.Core.Composition.Web.Net45", "Endjin.Core.Composition.Web.Net45\Endjin.Core.Composition.Web.Net45.csproj", "{ADEA651E-C1EF-4437-A299-867631BAC97B}"
EndProject
Project("{FAE04EC0-301F-11D3-BF4B-00C04F79EFBC}") = "Endjin.Core.Composition.Specs.Net40", "Endjin.Core.Composition.Specs.Net40\Endjin.Core.Composition.Specs.Net40.csproj", "{69D6734E-01F0-4298-87E2-E52CCC79E9E0}"
EndProject
Project("{FAE04EC0-301F-11D3-BF4B-00C04F79EFBC}") = "Endjin.Core.Composition.Specs.Net45", "Endjin.Core.Composition.Specs.Net45\Endjin.Core.Composition.Specs.Net45.csproj", "{5A527959-F0F0-42C1-AF3A-20D83C452EE0}"
EndProject
Project("{2150E333-8FDC-42A3-9474-1A3956D46DE8}") = "@Samples", "@Samples", "{CD374D63-565A-43E6-ADEF-19B485E00897}"
EndProject
Project("{FAE04EC0-301F-11D3-BF4B-00C04F79EFBC}") = "Endjin.Core.Composition.Samples.Net45", "Endjin.Core.Composition.Samples.Net45\Endjin.Core.Composition.Samples.Net45.csproj", "{A7467E1D-DD69-4B74-908C-647B39E185AF}"
EndProject
Project("{FAE04EC0-301F-11D3-BF4B-00C04F79EFBC}") = "Endjin.Core.Composition.Samples.Net40", "Endjin.Core.Composition.Samples.Net40\Endjin.Core.Composition.Samples.Net40.csproj", "{8B431D29-1FD3-42F6-8DD5-79C4744310C5}"
EndProject
Project("{FAE04EC0-301F-11D3-BF4B-00C04F79EFBC}") = "Endjin.Core.Composition.Samples.WinRT", "Endjin.Core.Composition.Samples.WinRT\Endjin.Core.Composition.Samples.WinRT.csproj", "{4E82F992-97DF-4CA8-80B2-E50345B02042}"
EndProject
Project("{FAE04EC0-301F-11D3-BF4B-00C04F79EFBC}") = "Endjin.Core.Composition.Samples.WP8", "Endjin.Core.Composition.Samples.WP8\Endjin.Core.Composition.Samples.WP8.csproj", "{A71F17A0-EDB8-4DE4-98FA-217464CAD3AE}"
EndProject
Project("{FAE04EC0-301F-11D3-BF4B-00C04F79EFBC}") = "Endjin.Core.Composition.Net45", "Endjin.Core.Composition.Net45\Endjin.Core.Composition.Net45.csproj", "{C290E269-E6F3-4494-A07F-7019364232A4}"
EndProject
Project("{FAE04EC0-301F-11D3-BF4B-00C04F79EFBC}") = "Endjin.Core.Composition.WinRT", "Endjin.Core.Composition.WinRT\Endjin.Core.Composition.WinRT.csproj", "{7084EBA6-663A-4410-B9C6-31A23B898384}"
EndProject
Project("{FAE04EC0-301F-11D3-BF4B-00C04F79EFBC}") = "Endjin.Core.Composition.WP8", "Endjin.Core.Composition.WP8\Endjin.Core.Composition.WP8.csproj", "{FFC5BCA3-99A1-482A-AB5A-4280167DC50F}"
EndProject
Project("{FAE04EC0-301F-11D3-BF4B-00C04F79EFBC}") = "Endjin.Core.Composition.Samples.Mvc5.Net45", "Endjin.Core.Composition.Samples.Mvc5.Net45\Endjin.Core.Composition.Samples.Mvc5.Net45.csproj", "{6A381BEC-AD17-4979-8F6F-AF28C8736EA0}"
EndProject
Project("{FAE04EC0-301F-11D3-BF4B-00C04F79EFBC}") = "Endjin.Core.Composition.WebApi.Net40", "Endjin.Core.Composition.WebApi.Net40\Endjin.Core.Composition.WebApi.Net40.csproj", "{26A2A708-978B-4F2D-92C3-6F9FC007FB15}"
EndProject
Project("{FAE04EC0-301F-11D3-BF4B-00C04F79EFBC}") = "Endjin.Core.Composition.WebApi.Net45", "Endjin.Core.Composition.WebApi.Net45\Endjin.Core.Composition.WebApi.Net45.csproj", "{ADC93BA5-F067-49E1-AB98-76FC4187ED06}"
EndProject
Global
	GlobalSection(SolutionConfigurationPlatforms) = preSolution
		Debug|Any CPU = Debug|Any CPU
		Debug|ARM = Debug|ARM
		Debug|x64 = Debug|x64
		Debug|x86 = Debug|x86
		Release|Any CPU = Release|Any CPU
		Release|ARM = Release|ARM
		Release|x64 = Release|x64
		Release|x86 = Release|x86
	EndGlobalSection
	GlobalSection(ProjectConfigurationPlatforms) = postSolution
		{2742DBEE-7E63-4A8E-9D0B-32F3299D6999}.Debug|Any CPU.ActiveCfg = Debug|Any CPU
		{2742DBEE-7E63-4A8E-9D0B-32F3299D6999}.Debug|Any CPU.Build.0 = Debug|Any CPU
		{2742DBEE-7E63-4A8E-9D0B-32F3299D6999}.Debug|ARM.ActiveCfg = Debug|Any CPU
		{2742DBEE-7E63-4A8E-9D0B-32F3299D6999}.Debug|x64.ActiveCfg = Debug|Any CPU
		{2742DBEE-7E63-4A8E-9D0B-32F3299D6999}.Debug|x86.ActiveCfg = Debug|Any CPU
		{2742DBEE-7E63-4A8E-9D0B-32F3299D6999}.Release|Any CPU.ActiveCfg = Release|Any CPU
		{2742DBEE-7E63-4A8E-9D0B-32F3299D6999}.Release|Any CPU.Build.0 = Release|Any CPU
		{2742DBEE-7E63-4A8E-9D0B-32F3299D6999}.Release|ARM.ActiveCfg = Release|Any CPU
		{2742DBEE-7E63-4A8E-9D0B-32F3299D6999}.Release|x64.ActiveCfg = Release|Any CPU
		{2742DBEE-7E63-4A8E-9D0B-32F3299D6999}.Release|x86.ActiveCfg = Release|Any CPU
		{A7D96096-E0F7-4A9E-84D5-6842E7CF5804}.Debug|Any CPU.ActiveCfg = Debug|Any CPU
		{A7D96096-E0F7-4A9E-84D5-6842E7CF5804}.Debug|Any CPU.Build.0 = Debug|Any CPU
		{A7D96096-E0F7-4A9E-84D5-6842E7CF5804}.Debug|ARM.ActiveCfg = Debug|Any CPU
		{A7D96096-E0F7-4A9E-84D5-6842E7CF5804}.Debug|x64.ActiveCfg = Debug|Any CPU
		{A7D96096-E0F7-4A9E-84D5-6842E7CF5804}.Debug|x86.ActiveCfg = Debug|Any CPU
		{A7D96096-E0F7-4A9E-84D5-6842E7CF5804}.Release|Any CPU.ActiveCfg = Release|Any CPU
		{A7D96096-E0F7-4A9E-84D5-6842E7CF5804}.Release|Any CPU.Build.0 = Release|Any CPU
		{A7D96096-E0F7-4A9E-84D5-6842E7CF5804}.Release|ARM.ActiveCfg = Release|Any CPU
		{A7D96096-E0F7-4A9E-84D5-6842E7CF5804}.Release|x64.ActiveCfg = Release|Any CPU
		{A7D96096-E0F7-4A9E-84D5-6842E7CF5804}.Release|x86.ActiveCfg = Release|Any CPU
		{B22C07AB-0CF9-4894-8257-DBDA8F3AEA59}.Debug|Any CPU.ActiveCfg = Debug|Any CPU
		{B22C07AB-0CF9-4894-8257-DBDA8F3AEA59}.Debug|Any CPU.Build.0 = Debug|Any CPU
		{B22C07AB-0CF9-4894-8257-DBDA8F3AEA59}.Debug|ARM.ActiveCfg = Debug|ARM
		{B22C07AB-0CF9-4894-8257-DBDA8F3AEA59}.Debug|ARM.Build.0 = Debug|ARM
		{B22C07AB-0CF9-4894-8257-DBDA8F3AEA59}.Debug|x64.ActiveCfg = Debug|x64
		{B22C07AB-0CF9-4894-8257-DBDA8F3AEA59}.Debug|x64.Build.0 = Debug|x64
		{B22C07AB-0CF9-4894-8257-DBDA8F3AEA59}.Debug|x86.ActiveCfg = Debug|x86
		{B22C07AB-0CF9-4894-8257-DBDA8F3AEA59}.Debug|x86.Build.0 = Debug|x86
		{B22C07AB-0CF9-4894-8257-DBDA8F3AEA59}.Release|Any CPU.ActiveCfg = Release|Any CPU
		{B22C07AB-0CF9-4894-8257-DBDA8F3AEA59}.Release|Any CPU.Build.0 = Release|Any CPU
		{B22C07AB-0CF9-4894-8257-DBDA8F3AEA59}.Release|ARM.ActiveCfg = Release|ARM
		{B22C07AB-0CF9-4894-8257-DBDA8F3AEA59}.Release|ARM.Build.0 = Release|ARM
		{B22C07AB-0CF9-4894-8257-DBDA8F3AEA59}.Release|x64.ActiveCfg = Release|x64
		{B22C07AB-0CF9-4894-8257-DBDA8F3AEA59}.Release|x64.Build.0 = Release|x64
		{B22C07AB-0CF9-4894-8257-DBDA8F3AEA59}.Release|x86.ActiveCfg = Release|x86
		{B22C07AB-0CF9-4894-8257-DBDA8F3AEA59}.Release|x86.Build.0 = Release|x86
		{89E62CAF-E3EA-41F2-BA54-426AD05F2269}.Debug|Any CPU.ActiveCfg = Debug|Any CPU
		{89E62CAF-E3EA-41F2-BA54-426AD05F2269}.Debug|Any CPU.Build.0 = Debug|Any CPU
		{89E62CAF-E3EA-41F2-BA54-426AD05F2269}.Debug|ARM.ActiveCfg = Debug|Any CPU
		{89E62CAF-E3EA-41F2-BA54-426AD05F2269}.Debug|x64.ActiveCfg = Debug|Any CPU
		{89E62CAF-E3EA-41F2-BA54-426AD05F2269}.Debug|x86.ActiveCfg = Debug|Any CPU
		{89E62CAF-E3EA-41F2-BA54-426AD05F2269}.Release|Any CPU.ActiveCfg = Release|Any CPU
		{89E62CAF-E3EA-41F2-BA54-426AD05F2269}.Release|Any CPU.Build.0 = Release|Any CPU
		{89E62CAF-E3EA-41F2-BA54-426AD05F2269}.Release|ARM.ActiveCfg = Release|Any CPU
		{89E62CAF-E3EA-41F2-BA54-426AD05F2269}.Release|x64.ActiveCfg = Release|Any CPU
		{89E62CAF-E3EA-41F2-BA54-426AD05F2269}.Release|x86.ActiveCfg = Release|Any CPU
		{9C8A9C5E-C691-4FD8-8580-8BCB1675A2E8}.Debug|Any CPU.ActiveCfg = Debug|Any CPU
		{9C8A9C5E-C691-4FD8-8580-8BCB1675A2E8}.Debug|Any CPU.Build.0 = Debug|Any CPU
		{9C8A9C5E-C691-4FD8-8580-8BCB1675A2E8}.Debug|ARM.ActiveCfg = Debug|Any CPU
		{9C8A9C5E-C691-4FD8-8580-8BCB1675A2E8}.Debug|x64.ActiveCfg = Debug|Any CPU
		{9C8A9C5E-C691-4FD8-8580-8BCB1675A2E8}.Debug|x86.ActiveCfg = Debug|Any CPU
		{9C8A9C5E-C691-4FD8-8580-8BCB1675A2E8}.Release|Any CPU.ActiveCfg = Release|Any CPU
		{9C8A9C5E-C691-4FD8-8580-8BCB1675A2E8}.Release|Any CPU.Build.0 = Release|Any CPU
		{9C8A9C5E-C691-4FD8-8580-8BCB1675A2E8}.Release|ARM.ActiveCfg = Release|Any CPU
		{9C8A9C5E-C691-4FD8-8580-8BCB1675A2E8}.Release|x64.ActiveCfg = Release|Any CPU
		{9C8A9C5E-C691-4FD8-8580-8BCB1675A2E8}.Release|x86.ActiveCfg = Release|Any CPU
		{62954E9B-A7DE-47B3-9B62-AACD2686CE73}.Debug|Any CPU.ActiveCfg = Debug|Any CPU
		{62954E9B-A7DE-47B3-9B62-AACD2686CE73}.Debug|Any CPU.Build.0 = Debug|Any CPU
		{62954E9B-A7DE-47B3-9B62-AACD2686CE73}.Debug|ARM.ActiveCfg = Debug|Any CPU
		{62954E9B-A7DE-47B3-9B62-AACD2686CE73}.Debug|x64.ActiveCfg = Debug|Any CPU
		{62954E9B-A7DE-47B3-9B62-AACD2686CE73}.Debug|x86.ActiveCfg = Debug|Any CPU
		{62954E9B-A7DE-47B3-9B62-AACD2686CE73}.Release|Any CPU.ActiveCfg = Release|Any CPU
		{62954E9B-A7DE-47B3-9B62-AACD2686CE73}.Release|Any CPU.Build.0 = Release|Any CPU
		{62954E9B-A7DE-47B3-9B62-AACD2686CE73}.Release|ARM.ActiveCfg = Release|Any CPU
		{62954E9B-A7DE-47B3-9B62-AACD2686CE73}.Release|x64.ActiveCfg = Release|Any CPU
		{62954E9B-A7DE-47B3-9B62-AACD2686CE73}.Release|x86.ActiveCfg = Release|Any CPU
		{DB3C3E66-CA3C-4265-8C98-47133E4E44B7}.Debug|Any CPU.ActiveCfg = Debug|Any CPU
		{DB3C3E66-CA3C-4265-8C98-47133E4E44B7}.Debug|Any CPU.Build.0 = Debug|Any CPU
		{DB3C3E66-CA3C-4265-8C98-47133E4E44B7}.Debug|ARM.ActiveCfg = Debug|ARM
		{DB3C3E66-CA3C-4265-8C98-47133E4E44B7}.Debug|ARM.Build.0 = Debug|ARM
		{DB3C3E66-CA3C-4265-8C98-47133E4E44B7}.Debug|x64.ActiveCfg = Debug|Any CPU
		{DB3C3E66-CA3C-4265-8C98-47133E4E44B7}.Debug|x86.ActiveCfg = Debug|x86
		{DB3C3E66-CA3C-4265-8C98-47133E4E44B7}.Debug|x86.Build.0 = Debug|x86
		{DB3C3E66-CA3C-4265-8C98-47133E4E44B7}.Release|Any CPU.ActiveCfg = Release|Any CPU
		{DB3C3E66-CA3C-4265-8C98-47133E4E44B7}.Release|Any CPU.Build.0 = Release|Any CPU
		{DB3C3E66-CA3C-4265-8C98-47133E4E44B7}.Release|ARM.ActiveCfg = Release|ARM
		{DB3C3E66-CA3C-4265-8C98-47133E4E44B7}.Release|ARM.Build.0 = Release|ARM
		{DB3C3E66-CA3C-4265-8C98-47133E4E44B7}.Release|x64.ActiveCfg = Release|Any CPU
		{DB3C3E66-CA3C-4265-8C98-47133E4E44B7}.Release|x86.ActiveCfg = Release|x86
		{DB3C3E66-CA3C-4265-8C98-47133E4E44B7}.Release|x86.Build.0 = Release|x86
		{0A405FFE-22E3-4E54-AE4F-E17666F0EE14}.Debug|Any CPU.ActiveCfg = Debug|Any CPU
		{0A405FFE-22E3-4E54-AE4F-E17666F0EE14}.Debug|Any CPU.Build.0 = Debug|Any CPU
		{0A405FFE-22E3-4E54-AE4F-E17666F0EE14}.Debug|ARM.ActiveCfg = Debug|Any CPU
		{0A405FFE-22E3-4E54-AE4F-E17666F0EE14}.Debug|x64.ActiveCfg = Debug|Any CPU
		{0A405FFE-22E3-4E54-AE4F-E17666F0EE14}.Debug|x86.ActiveCfg = Debug|Any CPU
		{0A405FFE-22E3-4E54-AE4F-E17666F0EE14}.Release|Any CPU.ActiveCfg = Release|Any CPU
		{0A405FFE-22E3-4E54-AE4F-E17666F0EE14}.Release|Any CPU.Build.0 = Release|Any CPU
		{0A405FFE-22E3-4E54-AE4F-E17666F0EE14}.Release|ARM.ActiveCfg = Release|Any CPU
		{0A405FFE-22E3-4E54-AE4F-E17666F0EE14}.Release|x64.ActiveCfg = Release|Any CPU
		{0A405FFE-22E3-4E54-AE4F-E17666F0EE14}.Release|x86.ActiveCfg = Release|Any CPU
		{ADEA651E-C1EF-4437-A299-867631BAC97B}.Debug|Any CPU.ActiveCfg = Debug|Any CPU
		{ADEA651E-C1EF-4437-A299-867631BAC97B}.Debug|Any CPU.Build.0 = Debug|Any CPU
		{ADEA651E-C1EF-4437-A299-867631BAC97B}.Debug|ARM.ActiveCfg = Debug|Any CPU
		{ADEA651E-C1EF-4437-A299-867631BAC97B}.Debug|x64.ActiveCfg = Debug|Any CPU
		{ADEA651E-C1EF-4437-A299-867631BAC97B}.Debug|x86.ActiveCfg = Debug|Any CPU
		{ADEA651E-C1EF-4437-A299-867631BAC97B}.Release|Any CPU.ActiveCfg = Release|Any CPU
		{ADEA651E-C1EF-4437-A299-867631BAC97B}.Release|Any CPU.Build.0 = Release|Any CPU
		{ADEA651E-C1EF-4437-A299-867631BAC97B}.Release|ARM.ActiveCfg = Release|Any CPU
		{ADEA651E-C1EF-4437-A299-867631BAC97B}.Release|x64.ActiveCfg = Release|Any CPU
		{ADEA651E-C1EF-4437-A299-867631BAC97B}.Release|x86.ActiveCfg = Release|Any CPU
		{69D6734E-01F0-4298-87E2-E52CCC79E9E0}.Debug|Any CPU.ActiveCfg = Debug|Any CPU
		{69D6734E-01F0-4298-87E2-E52CCC79E9E0}.Debug|Any CPU.Build.0 = Debug|Any CPU
		{69D6734E-01F0-4298-87E2-E52CCC79E9E0}.Debug|ARM.ActiveCfg = Debug|Any CPU
		{69D6734E-01F0-4298-87E2-E52CCC79E9E0}.Debug|x64.ActiveCfg = Debug|Any CPU
		{69D6734E-01F0-4298-87E2-E52CCC79E9E0}.Debug|x86.ActiveCfg = Debug|Any CPU
		{69D6734E-01F0-4298-87E2-E52CCC79E9E0}.Release|Any CPU.ActiveCfg = Release|Any CPU
		{69D6734E-01F0-4298-87E2-E52CCC79E9E0}.Release|Any CPU.Build.0 = Release|Any CPU
		{69D6734E-01F0-4298-87E2-E52CCC79E9E0}.Release|ARM.ActiveCfg = Release|Any CPU
		{69D6734E-01F0-4298-87E2-E52CCC79E9E0}.Release|x64.ActiveCfg = Release|Any CPU
		{69D6734E-01F0-4298-87E2-E52CCC79E9E0}.Release|x86.ActiveCfg = Release|Any CPU
		{5A527959-F0F0-42C1-AF3A-20D83C452EE0}.Debug|Any CPU.ActiveCfg = Debug|Any CPU
		{5A527959-F0F0-42C1-AF3A-20D83C452EE0}.Debug|Any CPU.Build.0 = Debug|Any CPU
		{5A527959-F0F0-42C1-AF3A-20D83C452EE0}.Debug|ARM.ActiveCfg = Debug|Any CPU
		{5A527959-F0F0-42C1-AF3A-20D83C452EE0}.Debug|x64.ActiveCfg = Debug|Any CPU
		{5A527959-F0F0-42C1-AF3A-20D83C452EE0}.Debug|x86.ActiveCfg = Debug|Any CPU
		{5A527959-F0F0-42C1-AF3A-20D83C452EE0}.Release|Any CPU.ActiveCfg = Release|Any CPU
		{5A527959-F0F0-42C1-AF3A-20D83C452EE0}.Release|Any CPU.Build.0 = Release|Any CPU
		{5A527959-F0F0-42C1-AF3A-20D83C452EE0}.Release|ARM.ActiveCfg = Release|Any CPU
		{5A527959-F0F0-42C1-AF3A-20D83C452EE0}.Release|x64.ActiveCfg = Release|Any CPU
		{5A527959-F0F0-42C1-AF3A-20D83C452EE0}.Release|x86.ActiveCfg = Release|Any CPU
		{A7467E1D-DD69-4B74-908C-647B39E185AF}.Debug|Any CPU.ActiveCfg = Debug|Any CPU
		{A7467E1D-DD69-4B74-908C-647B39E185AF}.Debug|Any CPU.Build.0 = Debug|Any CPU
		{A7467E1D-DD69-4B74-908C-647B39E185AF}.Debug|ARM.ActiveCfg = Debug|Any CPU
		{A7467E1D-DD69-4B74-908C-647B39E185AF}.Debug|x64.ActiveCfg = Debug|Any CPU
		{A7467E1D-DD69-4B74-908C-647B39E185AF}.Debug|x86.ActiveCfg = Debug|Any CPU
		{A7467E1D-DD69-4B74-908C-647B39E185AF}.Release|Any CPU.ActiveCfg = Release|Any CPU
		{A7467E1D-DD69-4B74-908C-647B39E185AF}.Release|Any CPU.Build.0 = Release|Any CPU
		{A7467E1D-DD69-4B74-908C-647B39E185AF}.Release|ARM.ActiveCfg = Release|Any CPU
		{A7467E1D-DD69-4B74-908C-647B39E185AF}.Release|x64.ActiveCfg = Release|Any CPU
		{A7467E1D-DD69-4B74-908C-647B39E185AF}.Release|x86.ActiveCfg = Release|Any CPU
		{8B431D29-1FD3-42F6-8DD5-79C4744310C5}.Debug|Any CPU.ActiveCfg = Debug|Any CPU
		{8B431D29-1FD3-42F6-8DD5-79C4744310C5}.Debug|Any CPU.Build.0 = Debug|Any CPU
		{8B431D29-1FD3-42F6-8DD5-79C4744310C5}.Debug|ARM.ActiveCfg = Debug|Any CPU
		{8B431D29-1FD3-42F6-8DD5-79C4744310C5}.Debug|x64.ActiveCfg = Debug|Any CPU
		{8B431D29-1FD3-42F6-8DD5-79C4744310C5}.Debug|x86.ActiveCfg = Debug|Any CPU
		{8B431D29-1FD3-42F6-8DD5-79C4744310C5}.Release|Any CPU.ActiveCfg = Release|Any CPU
		{8B431D29-1FD3-42F6-8DD5-79C4744310C5}.Release|Any CPU.Build.0 = Release|Any CPU
		{8B431D29-1FD3-42F6-8DD5-79C4744310C5}.Release|ARM.ActiveCfg = Release|Any CPU
		{8B431D29-1FD3-42F6-8DD5-79C4744310C5}.Release|x64.ActiveCfg = Release|Any CPU
		{8B431D29-1FD3-42F6-8DD5-79C4744310C5}.Release|x86.ActiveCfg = Release|Any CPU
		{4E82F992-97DF-4CA8-80B2-E50345B02042}.Debug|Any CPU.ActiveCfg = Debug|Any CPU
		{4E82F992-97DF-4CA8-80B2-E50345B02042}.Debug|Any CPU.Build.0 = Debug|Any CPU
		{4E82F992-97DF-4CA8-80B2-E50345B02042}.Debug|Any CPU.Deploy.0 = Debug|Any CPU
		{4E82F992-97DF-4CA8-80B2-E50345B02042}.Debug|ARM.ActiveCfg = Debug|ARM
		{4E82F992-97DF-4CA8-80B2-E50345B02042}.Debug|ARM.Build.0 = Debug|ARM
		{4E82F992-97DF-4CA8-80B2-E50345B02042}.Debug|ARM.Deploy.0 = Debug|ARM
		{4E82F992-97DF-4CA8-80B2-E50345B02042}.Debug|x64.ActiveCfg = Debug|x64
		{4E82F992-97DF-4CA8-80B2-E50345B02042}.Debug|x64.Build.0 = Debug|x64
		{4E82F992-97DF-4CA8-80B2-E50345B02042}.Debug|x64.Deploy.0 = Debug|x64
		{4E82F992-97DF-4CA8-80B2-E50345B02042}.Debug|x86.ActiveCfg = Debug|x86
		{4E82F992-97DF-4CA8-80B2-E50345B02042}.Debug|x86.Build.0 = Debug|x86
		{4E82F992-97DF-4CA8-80B2-E50345B02042}.Debug|x86.Deploy.0 = Debug|x86
		{4E82F992-97DF-4CA8-80B2-E50345B02042}.Release|Any CPU.ActiveCfg = Release|Any CPU
		{4E82F992-97DF-4CA8-80B2-E50345B02042}.Release|Any CPU.Build.0 = Release|Any CPU
		{4E82F992-97DF-4CA8-80B2-E50345B02042}.Release|Any CPU.Deploy.0 = Release|Any CPU
		{4E82F992-97DF-4CA8-80B2-E50345B02042}.Release|ARM.ActiveCfg = Release|ARM
		{4E82F992-97DF-4CA8-80B2-E50345B02042}.Release|ARM.Build.0 = Release|ARM
		{4E82F992-97DF-4CA8-80B2-E50345B02042}.Release|ARM.Deploy.0 = Release|ARM
		{4E82F992-97DF-4CA8-80B2-E50345B02042}.Release|x64.ActiveCfg = Release|x64
		{4E82F992-97DF-4CA8-80B2-E50345B02042}.Release|x64.Build.0 = Release|x64
		{4E82F992-97DF-4CA8-80B2-E50345B02042}.Release|x64.Deploy.0 = Release|x64
		{4E82F992-97DF-4CA8-80B2-E50345B02042}.Release|x86.ActiveCfg = Release|x86
		{4E82F992-97DF-4CA8-80B2-E50345B02042}.Release|x86.Build.0 = Release|x86
		{4E82F992-97DF-4CA8-80B2-E50345B02042}.Release|x86.Deploy.0 = Release|x86
		{A71F17A0-EDB8-4DE4-98FA-217464CAD3AE}.Debug|Any CPU.ActiveCfg = Debug|Any CPU
		{A71F17A0-EDB8-4DE4-98FA-217464CAD3AE}.Debug|Any CPU.Build.0 = Debug|Any CPU
		{A71F17A0-EDB8-4DE4-98FA-217464CAD3AE}.Debug|Any CPU.Deploy.0 = Debug|Any CPU
		{A71F17A0-EDB8-4DE4-98FA-217464CAD3AE}.Debug|ARM.ActiveCfg = Debug|ARM
		{A71F17A0-EDB8-4DE4-98FA-217464CAD3AE}.Debug|ARM.Build.0 = Debug|ARM
		{A71F17A0-EDB8-4DE4-98FA-217464CAD3AE}.Debug|ARM.Deploy.0 = Debug|ARM
		{A71F17A0-EDB8-4DE4-98FA-217464CAD3AE}.Debug|x64.ActiveCfg = Debug|Any CPU
		{A71F17A0-EDB8-4DE4-98FA-217464CAD3AE}.Debug|x86.ActiveCfg = Debug|x86
		{A71F17A0-EDB8-4DE4-98FA-217464CAD3AE}.Debug|x86.Build.0 = Debug|x86
		{A71F17A0-EDB8-4DE4-98FA-217464CAD3AE}.Debug|x86.Deploy.0 = Debug|x86
		{A71F17A0-EDB8-4DE4-98FA-217464CAD3AE}.Release|Any CPU.ActiveCfg = Release|Any CPU
		{A71F17A0-EDB8-4DE4-98FA-217464CAD3AE}.Release|Any CPU.Build.0 = Release|Any CPU
		{A71F17A0-EDB8-4DE4-98FA-217464CAD3AE}.Release|Any CPU.Deploy.0 = Release|Any CPU
		{A71F17A0-EDB8-4DE4-98FA-217464CAD3AE}.Release|ARM.ActiveCfg = Release|ARM
		{A71F17A0-EDB8-4DE4-98FA-217464CAD3AE}.Release|ARM.Build.0 = Release|ARM
		{A71F17A0-EDB8-4DE4-98FA-217464CAD3AE}.Release|ARM.Deploy.0 = Release|ARM
		{A71F17A0-EDB8-4DE4-98FA-217464CAD3AE}.Release|x64.ActiveCfg = Release|Any CPU
		{A71F17A0-EDB8-4DE4-98FA-217464CAD3AE}.Release|x86.ActiveCfg = Release|x86
		{A71F17A0-EDB8-4DE4-98FA-217464CAD3AE}.Release|x86.Build.0 = Release|x86
		{A71F17A0-EDB8-4DE4-98FA-217464CAD3AE}.Release|x86.Deploy.0 = Release|x86
		{C290E269-E6F3-4494-A07F-7019364232A4}.Debug|Any CPU.ActiveCfg = Debug|Any CPU
		{C290E269-E6F3-4494-A07F-7019364232A4}.Debug|Any CPU.Build.0 = Debug|Any CPU
		{C290E269-E6F3-4494-A07F-7019364232A4}.Debug|ARM.ActiveCfg = Debug|Any CPU
		{C290E269-E6F3-4494-A07F-7019364232A4}.Debug|x64.ActiveCfg = Debug|Any CPU
		{C290E269-E6F3-4494-A07F-7019364232A4}.Debug|x86.ActiveCfg = Debug|Any CPU
		{C290E269-E6F3-4494-A07F-7019364232A4}.Release|Any CPU.ActiveCfg = Release|Any CPU
		{C290E269-E6F3-4494-A07F-7019364232A4}.Release|Any CPU.Build.0 = Release|Any CPU
		{C290E269-E6F3-4494-A07F-7019364232A4}.Release|ARM.ActiveCfg = Release|Any CPU
		{C290E269-E6F3-4494-A07F-7019364232A4}.Release|x64.ActiveCfg = Release|Any CPU
		{C290E269-E6F3-4494-A07F-7019364232A4}.Release|x86.ActiveCfg = Release|Any CPU
		{7084EBA6-663A-4410-B9C6-31A23B898384}.Debug|Any CPU.ActiveCfg = Debug|Any CPU
		{7084EBA6-663A-4410-B9C6-31A23B898384}.Debug|Any CPU.Build.0 = Debug|Any CPU
		{7084EBA6-663A-4410-B9C6-31A23B898384}.Debug|ARM.ActiveCfg = Debug|ARM
		{7084EBA6-663A-4410-B9C6-31A23B898384}.Debug|ARM.Build.0 = Debug|ARM
		{7084EBA6-663A-4410-B9C6-31A23B898384}.Debug|x64.ActiveCfg = Debug|x64
		{7084EBA6-663A-4410-B9C6-31A23B898384}.Debug|x64.Build.0 = Debug|x64
		{7084EBA6-663A-4410-B9C6-31A23B898384}.Debug|x86.ActiveCfg = Debug|x86
		{7084EBA6-663A-4410-B9C6-31A23B898384}.Debug|x86.Build.0 = Debug|x86
		{7084EBA6-663A-4410-B9C6-31A23B898384}.Release|Any CPU.ActiveCfg = Release|Any CPU
		{7084EBA6-663A-4410-B9C6-31A23B898384}.Release|Any CPU.Build.0 = Release|Any CPU
		{7084EBA6-663A-4410-B9C6-31A23B898384}.Release|ARM.ActiveCfg = Release|ARM
		{7084EBA6-663A-4410-B9C6-31A23B898384}.Release|ARM.Build.0 = Release|ARM
		{7084EBA6-663A-4410-B9C6-31A23B898384}.Release|x64.ActiveCfg = Release|x64
		{7084EBA6-663A-4410-B9C6-31A23B898384}.Release|x64.Build.0 = Release|x64
		{7084EBA6-663A-4410-B9C6-31A23B898384}.Release|x86.ActiveCfg = Release|x86
		{7084EBA6-663A-4410-B9C6-31A23B898384}.Release|x86.Build.0 = Release|x86
		{FFC5BCA3-99A1-482A-AB5A-4280167DC50F}.Debug|Any CPU.ActiveCfg = Debug|Any CPU
		{FFC5BCA3-99A1-482A-AB5A-4280167DC50F}.Debug|Any CPU.Build.0 = Debug|Any CPU
		{FFC5BCA3-99A1-482A-AB5A-4280167DC50F}.Debug|ARM.ActiveCfg = Debug|ARM
		{FFC5BCA3-99A1-482A-AB5A-4280167DC50F}.Debug|ARM.Build.0 = Debug|ARM
		{FFC5BCA3-99A1-482A-AB5A-4280167DC50F}.Debug|x64.ActiveCfg = Debug|Any CPU
		{FFC5BCA3-99A1-482A-AB5A-4280167DC50F}.Debug|x86.ActiveCfg = Debug|x86
		{FFC5BCA3-99A1-482A-AB5A-4280167DC50F}.Debug|x86.Build.0 = Debug|x86
		{FFC5BCA3-99A1-482A-AB5A-4280167DC50F}.Release|Any CPU.ActiveCfg = Release|Any CPU
		{FFC5BCA3-99A1-482A-AB5A-4280167DC50F}.Release|Any CPU.Build.0 = Release|Any CPU
		{FFC5BCA3-99A1-482A-AB5A-4280167DC50F}.Release|ARM.ActiveCfg = Release|ARM
		{FFC5BCA3-99A1-482A-AB5A-4280167DC50F}.Release|ARM.Build.0 = Release|ARM
		{FFC5BCA3-99A1-482A-AB5A-4280167DC50F}.Release|x64.ActiveCfg = Release|Any CPU
		{FFC5BCA3-99A1-482A-AB5A-4280167DC50F}.Release|x86.ActiveCfg = Release|x86
		{FFC5BCA3-99A1-482A-AB5A-4280167DC50F}.Release|x86.Build.0 = Release|x86
		{6A381BEC-AD17-4979-8F6F-AF28C8736EA0}.Debug|Any CPU.ActiveCfg = Debug|Any CPU
		{6A381BEC-AD17-4979-8F6F-AF28C8736EA0}.Debug|Any CPU.Build.0 = Debug|Any CPU
		{6A381BEC-AD17-4979-8F6F-AF28C8736EA0}.Debug|ARM.ActiveCfg = Debug|Any CPU
		{6A381BEC-AD17-4979-8F6F-AF28C8736EA0}.Debug|x64.ActiveCfg = Debug|Any CPU
		{6A381BEC-AD17-4979-8F6F-AF28C8736EA0}.Debug|x86.ActiveCfg = Debug|Any CPU
		{6A381BEC-AD17-4979-8F6F-AF28C8736EA0}.Release|Any CPU.ActiveCfg = Release|Any CPU
		{6A381BEC-AD17-4979-8F6F-AF28C8736EA0}.Release|Any CPU.Build.0 = Release|Any CPU
		{6A381BEC-AD17-4979-8F6F-AF28C8736EA0}.Release|ARM.ActiveCfg = Release|Any CPU
		{6A381BEC-AD17-4979-8F6F-AF28C8736EA0}.Release|x64.ActiveCfg = Release|Any CPU
		{6A381BEC-AD17-4979-8F6F-AF28C8736EA0}.Release|x86.ActiveCfg = Release|Any CPU
		{26A2A708-978B-4F2D-92C3-6F9FC007FB15}.Debug|Any CPU.ActiveCfg = Debug|Any CPU
		{26A2A708-978B-4F2D-92C3-6F9FC007FB15}.Debug|Any CPU.Build.0 = Debug|Any CPU
		{26A2A708-978B-4F2D-92C3-6F9FC007FB15}.Debug|ARM.ActiveCfg = Debug|Any CPU
		{26A2A708-978B-4F2D-92C3-6F9FC007FB15}.Debug|x64.ActiveCfg = Debug|Any CPU
		{26A2A708-978B-4F2D-92C3-6F9FC007FB15}.Debug|x86.ActiveCfg = Debug|Any CPU
		{26A2A708-978B-4F2D-92C3-6F9FC007FB15}.Release|Any CPU.ActiveCfg = Release|Any CPU
		{26A2A708-978B-4F2D-92C3-6F9FC007FB15}.Release|Any CPU.Build.0 = Release|Any CPU
		{26A2A708-978B-4F2D-92C3-6F9FC007FB15}.Release|ARM.ActiveCfg = Release|Any CPU
		{26A2A708-978B-4F2D-92C3-6F9FC007FB15}.Release|x64.ActiveCfg = Release|Any CPU
		{26A2A708-978B-4F2D-92C3-6F9FC007FB15}.Release|x86.ActiveCfg = Release|Any CPU
		{ADC93BA5-F067-49E1-AB98-76FC4187ED06}.Debug|Any CPU.ActiveCfg = Debug|Any CPU
		{ADC93BA5-F067-49E1-AB98-76FC4187ED06}.Debug|Any CPU.Build.0 = Debug|Any CPU
		{ADC93BA5-F067-49E1-AB98-76FC4187ED06}.Debug|ARM.ActiveCfg = Debug|Any CPU
		{ADC93BA5-F067-49E1-AB98-76FC4187ED06}.Debug|x64.ActiveCfg = Debug|Any CPU
		{ADC93BA5-F067-49E1-AB98-76FC4187ED06}.Debug|x86.ActiveCfg = Debug|Any CPU
		{ADC93BA5-F067-49E1-AB98-76FC4187ED06}.Release|Any CPU.ActiveCfg = Release|Any CPU
		{ADC93BA5-F067-49E1-AB98-76FC4187ED06}.Release|Any CPU.Build.0 = Release|Any CPU
		{ADC93BA5-F067-49E1-AB98-76FC4187ED06}.Release|ARM.ActiveCfg = Release|Any CPU
		{ADC93BA5-F067-49E1-AB98-76FC4187ED06}.Release|x64.ActiveCfg = Release|Any CPU
		{ADC93BA5-F067-49E1-AB98-76FC4187ED06}.Release|x86.ActiveCfg = Release|Any CPU
	EndGlobalSection
	GlobalSection(SolutionProperties) = preSolution
		HideSolutionNode = FALSE
	EndGlobalSection
	GlobalSection(NestedProjects) = preSolution
		{A7D96096-E0F7-4A9E-84D5-6842E7CF5804} = {98B9075D-BD9B-4E21-9091-41FA9DB9A111}
		{2742DBEE-7E63-4A8E-9D0B-32F3299D6999} = {98B9075D-BD9B-4E21-9091-41FA9DB9A111}
		{B22C07AB-0CF9-4894-8257-DBDA8F3AEA59} = {4A750577-89C5-437D-A89A-AB35DB09E8D4}
		{7084EBA6-663A-4410-B9C6-31A23B898384} = {4A750577-89C5-437D-A89A-AB35DB09E8D4}
		{9C8A9C5E-C691-4FD8-8580-8BCB1675A2E8} = {7E206D69-7997-4085-97EE-33EFA79981B8}
		{62954E9B-A7DE-47B3-9B62-AACD2686CE73} = {7E206D69-7997-4085-97EE-33EFA79981B8}
		{0A405FFE-22E3-4E54-AE4F-E17666F0EE14} = {7E206D69-7997-4085-97EE-33EFA79981B8}
		{26A2A708-978B-4F2D-92C3-6F9FC007FB15} = {7E206D69-7997-4085-97EE-33EFA79981B8}
		{89E62CAF-E3EA-41F2-BA54-426AD05F2269} = {A8BA8747-4E26-4689-A96A-2323A3E1373A}
		{ADEA651E-C1EF-4437-A299-867631BAC97B} = {A8BA8747-4E26-4689-A96A-2323A3E1373A}
		{C290E269-E6F3-4494-A07F-7019364232A4} = {A8BA8747-4E26-4689-A96A-2323A3E1373A}
		{ADC93BA5-F067-49E1-AB98-76FC4187ED06} = {A8BA8747-4E26-4689-A96A-2323A3E1373A}
		{69D6734E-01F0-4298-87E2-E52CCC79E9E0} = {78EF6F28-F3EC-4808-B160-66135F0982DA}
		{5A527959-F0F0-42C1-AF3A-20D83C452EE0} = {78EF6F28-F3EC-4808-B160-66135F0982DA}
		{DB3C3E66-CA3C-4265-8C98-47133E4E44B7} = {D278B59B-CDD5-4C96-9D3E-4B5C9A4BE33E}
		{FFC5BCA3-99A1-482A-AB5A-4280167DC50F} = {D278B59B-CDD5-4C96-9D3E-4B5C9A4BE33E}
		{A7467E1D-DD69-4B74-908C-647B39E185AF} = {CD374D63-565A-43E6-ADEF-19B485E00897}
		{8B431D29-1FD3-42F6-8DD5-79C4744310C5} = {CD374D63-565A-43E6-ADEF-19B485E00897}
		{4E82F992-97DF-4CA8-80B2-E50345B02042} = {CD374D63-565A-43E6-ADEF-19B485E00897}
		{A71F17A0-EDB8-4DE4-98FA-217464CAD3AE} = {CD374D63-565A-43E6-ADEF-19B485E00897}
		{6A381BEC-AD17-4979-8F6F-AF28C8736EA0} = {CD374D63-565A-43E6-ADEF-19B485E00897}
	EndGlobalSection
EndGlobal
